# This file was autogenerated by Stack.
# You should not edit this file by hand.
# For more information, please see the documentation at:
#   https://docs.haskellstack.org/en/stable/lock_files

packages:
- completed:
    hackage: postgresql-simple-0.7.0.0@sha256:94ec1f140bec01d92bdf236cad9b45fe3b5c90e35a2385f53de52d6e407f0f7a,4757
    pantry-tree:
      sha256: efdef751b392218f67175d23f477aeb2c121dbaecbe561841a07e8b85ebea746
      size: 4255
  original:
    hackage: postgresql-simple-0.7.0.0
snapshots: []
